
Microsoft Visual Studio Solution File, Format Version 12.00
# Visual Studio Version 16
VisualStudioVersion = 16.0.30717.126
MinimumVisualStudioVersion = 10.0.40219.1
Project("{FAE04EC0-301F-11D3-BF4B-00C04F79EFBC}") = "PDFGenerator", "PDFGenerator\PDFGenerator.csproj", "{92BAE4F8-FE99-4387-BDD2-C851F9A2A08F}"
EndProject
Global
	GlobalSection(SolutionConfigurationPlatforms) = preSolution
		Debug|Any CPU = Debug|Any CPU
		Release|Any CPU = Release|Any CPU
	EndGlobalSection
	GlobalSection(ProjectConfigurationPlatforms) = postSolution
		{92BAE4F8-FE99-4387-BDD2-C851F9A2A08F}.Debug|Any CPU.ActiveCfg = Debug|Any CPU
		{92BAE4F8-FE99-4387-BDD2-C851F9A2A08F}.Debug|Any CPU.Build.0 = Debug|Any CPU
		{92BAE4F8-FE99-4387-BDD2-C851F9A2A08F}.Release|Any CPU.ActiveCfg = Release|Any CPU
		{92BAE4F8-FE99-4387-BDD2-C851F9A2A08F}.Release|Any CPU.Build.0 = Release|Any CPU
	EndGlobalSection
	GlobalSection(SolutionProperties) = preSolution
		HideSolutionNode = FALSE
	EndGlobalSection
	GlobalSection(ExtensibilityGlobals) = postSolution
		SolutionGuid = {410AD9BD-2C8B-41DD-B2AC-9BBA1899DF9D}
	EndGlobalSection
EndGlobal
